
Microsoft Visual Studio Solution File, Format Version 12.00
# Visual Studio 14
VisualStudioVersion = 14.0.23107.0
MinimumVisualStudioVersion = 10.0.40219.1
Project("{FAE04EC0-301F-11D3-BF4B-00C04F79EFBC}") = "ConsoleApplication17", "ConsoleApplication17\ConsoleApplication17.csproj", "{C095C8CF-8E37-4F41-84A8-F7C9958C8436}"
EndProject
Global
	GlobalSection(SolutionConfigurationPlatforms) = preSolution
		Debug|Any CPU = Debug|Any CPU
		Release|Any CPU = Release|Any CPU
	EndGlobalSection
	GlobalSection(ProjectConfigurationPlatforms) = postSolution
		{C095C8CF-8E37-4F41-84A8-F7C9958C8436}.Debug|Any CPU.ActiveCfg = Debug|Any CPU
		{C095C8CF-8E37-4F41-84A8-F7C9958C8436}.Debug|Any CPU.Build.0 = Debug|Any CPU
		{C095C8CF-8E37-4F41-84A8-F7C9958C8436}.Release|Any CPU.ActiveCfg = Release|Any CPU
		{C095C8CF-8E37-4F41-84A8-F7C9958C8436}.Release|Any CPU.Build.0 = Release|Any CPU
	EndGlobalSection
	GlobalSection(SolutionProperties) = preSolution
		HideSolutionNode = FALSE
	EndGlobalSection
EndGlobal
